
Microsoft Visual Studio Solution File, Format Version 12.00
# Visual Studio Version 17
VisualStudioVersion = 17.11.35312.102
MinimumVisualStudioVersion = 10.0.40219.1
Project("{FAE04EC0-301F-11D3-BF4B-00C04F79EFBC}") = "Livraria.API", "Livraria.API\Livraria.API.csproj", "{C04B4EC1-7385-4086-80C5-CB3CD74CDB5E}"
EndProject
Project("{FAE04EC0-301F-11D3-BF4B-00C04F79EFBC}") = "Livraria.Core", "Livraria.Core\Livraria.Core.csproj", "{8240E52C-060F-44FF-A3A3-850A1A51993C}"
EndProject
Project("{FAE04EC0-301F-11D3-BF4B-00C04F79EFBC}") = "Livraria.Infraestructure", "Livraria.Infraestructure\Livraria.Infraestructure.csproj", "{33984273-53F3-4D58-8AC4-B09AC9705263}"
EndProject
Global
	GlobalSection(SolutionConfigurationPlatforms) = preSolution
		Debug|Any CPU = Debug|Any CPU
		Release|Any CPU = Release|Any CPU
	EndGlobalSection
	GlobalSection(ProjectConfigurationPlatforms) = postSolution
		{C04B4EC1-7385-4086-80C5-CB3CD74CDB5E}.Debug|Any CPU.ActiveCfg = Debug|Any CPU
		{C04B4EC1-7385-4086-80C5-CB3CD74CDB5E}.Debug|Any CPU.Build.0 = Debug|Any CPU
		{C04B4EC1-7385-4086-80C5-CB3CD74CDB5E}.Release|Any CPU.ActiveCfg = Release|Any CPU
		{C04B4EC1-7385-4086-80C5-CB3CD74CDB5E}.Release|Any CPU.Build.0 = Release|Any CPU
		{8240E52C-060F-44FF-A3A3-850A1A51993C}.Debug|Any CPU.ActiveCfg = Debug|Any CPU
		{8240E52C-060F-44FF-A3A3-850A1A51993C}.Debug|Any CPU.Build.0 = Debug|Any CPU
		{8240E52C-060F-44FF-A3A3-850A1A51993C}.Release|Any CPU.ActiveCfg = Release|Any CPU
		{8240E52C-060F-44FF-A3A3-850A1A51993C}.Release|Any CPU.Build.0 = Release|Any CPU
		{33984273-53F3-4D58-8AC4-B09AC9705263}.Debug|Any CPU.ActiveCfg = Debug|Any CPU
		{33984273-53F3-4D58-8AC4-B09AC9705263}.Debug|Any CPU.Build.0 = Debug|Any CPU
		{33984273-53F3-4D58-8AC4-B09AC9705263}.Release|Any CPU.ActiveCfg = Release|Any CPU
		{33984273-53F3-4D58-8AC4-B09AC9705263}.Release|Any CPU.Build.0 = Release|Any CPU
	EndGlobalSection
	GlobalSection(SolutionProperties) = preSolution
		HideSolutionNode = FALSE
	EndGlobalSection
	GlobalSection(ExtensibilityGlobals) = postSolution
		SolutionGuid = {8245C554-30EF-4605-84EE-A8D86C9D104E}
	EndGlobalSection
EndGlobal
